
Microsoft Visual Studio Solution File, Format Version 12.00
# Visual Studio 2013
VisualStudioVersion = 12.0.31101.0
MinimumVisualStudioVersion = 10.0.40219.1
Project("{FAE04EC0-301F-11D3-BF4B-00C04F79EFBC}") = "AssemblyLine", "AssemblyLine\AssemblyLine.csproj", "{95F02BB4-D818-4996-BC3B-BA61C4DF6A08}"
EndProject
Project("{FAE04EC0-301F-11D3-BF4B-00C04F79EFBC}") = "AssemblyLine.Tests", "..\Visual Studio 2013\Projects\AssemblyLine\AssemblyLine.Tests\AssemblyLine.Tests.csproj", "{390464F2-96D2-47AC-AB32-2D0E045FAE08}"
EndProject
Global
	GlobalSection(SolutionConfigurationPlatforms) = preSolution
		Debug|Any CPU = Debug|Any CPU
		Release|Any CPU = Release|Any CPU
	EndGlobalSection
	GlobalSection(ProjectConfigurationPlatforms) = postSolution
		{95F02BB4-D818-4996-BC3B-BA61C4DF6A08}.Debug|Any CPU.ActiveCfg = Debug|Any CPU
		{95F02BB4-D818-4996-BC3B-BA61C4DF6A08}.Debug|Any CPU.Build.0 = Debug|Any CPU
		{95F02BB4-D818-4996-BC3B-BA61C4DF6A08}.Release|Any CPU.ActiveCfg = Release|Any CPU
		{95F02BB4-D818-4996-BC3B-BA61C4DF6A08}.Release|Any CPU.Build.0 = Release|Any CPU
		{390464F2-96D2-47AC-AB32-2D0E045FAE08}.Debug|Any CPU.ActiveCfg = Debug|Any CPU
		{390464F2-96D2-47AC-AB32-2D0E045FAE08}.Debug|Any CPU.Build.0 = Debug|Any CPU
		{390464F2-96D2-47AC-AB32-2D0E045FAE08}.Release|Any CPU.ActiveCfg = Release|Any CPU
		{390464F2-96D2-47AC-AB32-2D0E045FAE08}.Release|Any CPU.Build.0 = Release|Any CPU
	EndGlobalSection
	GlobalSection(SolutionProperties) = preSolution
		HideSolutionNode = FALSE
	EndGlobalSection
EndGlobal
